{
  "nodes": {
    "flake-utils": {
      "inputs": {
        "systems": "systems"
      },
      "locked": {
        "lastModified": 1705309234,
        "narHash": "sha256-uNRRNRKmJyCRC/8y1RqBkqWBLM034y4qN7EprSdmgyA=",
        "owner": "numtide",
        "repo": "flake-utils",
        "rev": "1ef2e671c3b0c19053962c07dbda38332dcebf26",
        "type": "github"
      },
      "original": {
        "owner": "numtide",
        "repo": "flake-utils",
        "type": "github"
      }
    },
    "gitbutler": {
      "flake": false,
      "locked": {
        "lastModified": 1708873436,
        "narHash": "sha256-zkYZx1XUw06PKI21/pSSQAPnbj5x7JkE1NJ2dsFPw7k=",
        "type": "tarball",
        "url": "https://app.gitbutler.com/downloads/release/linux/x86_64/gz"
      },
      "original": {
        "type": "tarball",
        "url": "https://app.gitbutler.com/downloads/release/linux/x86_64/gz"
      }
    },
    "nixpkgs": {
      "locked": {
        "lastModified": 1708475490,
        "narHash": "sha256-g1v0TsWBQPX97ziznfJdWhgMyMGtoBFs102xSYO4syU=",
        "owner": "nixos",
        "repo": "nixpkgs",
        "rev": "0e74ca98a74bc7270d28838369593635a5db3260",
        "type": "github"
      },
      "original": {
        "owner": "nixos",
        "ref": "nixos-unstable",
        "repo": "nixpkgs",
        "type": "github"
      }
    },
    "root": {
      "inputs": {
        "flake-utils": "flake-utils",
        "gitbutler": "gitbutler",
        "nixpkgs": "nixpkgs",
        "xwaylandvideobridge": "xwaylandvideobridge"
      }
    },
    "systems": {
      "locked": {
        "lastModified": 1681028828,
        "narHash": "sha256-Vy1rq5AaRuLzOxct8nz4T6wlgyUR7zLU309k9mBC768=",
        "owner": "nix-systems",
        "repo": "default",
        "rev": "da67096a3b9bf56a91d16901293e51ba5b49a27e",
        "type": "github"
      },
      "original": {
        "owner": "nix-systems",
        "repo": "default",
        "type": "github"
      }
    },
    "xwaylandvideobridge": {
      "flake": false,
      "locked": {
        "lastModified": 1707188198,
        "narHash": "sha256-Fm9aCV8xwhyQoXIhQ5DbYQGFxPdMdFDxxF/lXayjTI0=",
        "ref": "refs/heads/master",
        "rev": "619f7c9c990c52db53eb4943afdac115f603d810",
        "revCount": 206,
        "type": "git",
        "url": "https://invent.kde.org/system/xwaylandvideobridge.git"
      },
      "original": {
        "type": "git",
        "url": "https://invent.kde.org/system/xwaylandvideobridge.git"
      }
    }
  },
  "root": "root",
  "version": 7
}
